
Microsoft Visual Studio Solution File, Format Version 12.00
# Visual Studio 15
VisualStudioVersion = 15.0.28010.2026
MinimumVisualStudioVersion = 10.0.40219.1
Project("{FAE04EC0-301F-11D3-BF4B-00C04F79EFBC}") = "CalculatorUI", "Calculator\CalculatorUI.csproj", "{96B3BB12-A5D3-49DF-BA19-DAD91B6EEA13}"
EndProject
Project("{FAE04EC0-301F-11D3-BF4B-00C04F79EFBC}") = "Calculator.Library", "Calculator.Library\Calculator.Library.csproj", "{DA6EFA95-CAFF-423B-9995-09B5E592714A}"
EndProject
Global
	GlobalSection(SolutionConfigurationPlatforms) = preSolution
		Debug|Any CPU = Debug|Any CPU
		Release|Any CPU = Release|Any CPU
	EndGlobalSection
	GlobalSection(ProjectConfigurationPlatforms) = postSolution
		{96B3BB12-A5D3-49DF-BA19-DAD91B6EEA13}.Debug|Any CPU.ActiveCfg = Debug|Any CPU
		{96B3BB12-A5D3-49DF-BA19-DAD91B6EEA13}.Debug|Any CPU.Build.0 = Debug|Any CPU
		{96B3BB12-A5D3-49DF-BA19-DAD91B6EEA13}.Release|Any CPU.ActiveCfg = Release|Any CPU
		{96B3BB12-A5D3-49DF-BA19-DAD91B6EEA13}.Release|Any CPU.Build.0 = Release|Any CPU
		{DA6EFA95-CAFF-423B-9995-09B5E592714A}.Debug|Any CPU.ActiveCfg = Debug|Any CPU
		{DA6EFA95-CAFF-423B-9995-09B5E592714A}.Debug|Any CPU.Build.0 = Debug|Any CPU
		{DA6EFA95-CAFF-423B-9995-09B5E592714A}.Release|Any CPU.ActiveCfg = Release|Any CPU
		{DA6EFA95-CAFF-423B-9995-09B5E592714A}.Release|Any CPU.Build.0 = Release|Any CPU
	EndGlobalSection
	GlobalSection(SolutionProperties) = preSolution
		HideSolutionNode = FALSE
	EndGlobalSection
	GlobalSection(ExtensibilityGlobals) = postSolution
		SolutionGuid = {688807B0-3151-406C-8969-C1FF591A307B}
	EndGlobalSection
EndGlobal
